
Microsoft Visual Studio Solution File, Format Version 12.00
# Visual Studio Version 17
VisualStudioVersion = 17.10.35004.147
MinimumVisualStudioVersion = 10.0.40219.1
Project("{9A19103F-16F7-4668-BE54-9A1E7A4F7556}") = "1. Two Sum", "1. Two Sum\1. Two Sum.csproj", "{50A2CA7B-2BE9-4476-BEB7-3D6CDC3BD112}"
EndProject
Project("{9A19103F-16F7-4668-BE54-9A1E7A4F7556}") = "409. Longest Palindrome", "409. Longest Palindrome\409. Longest Palindrome.csproj", "{CE40DBB8-41EE-4205-BE71-D7B22A67B7CE}"
EndProject
Project("{9A19103F-16F7-4668-BE54-9A1E7A4F7556}") = "2037. Minimum Number of Moves to Seat Everyone", "2037. Minimum Number of Moves to Seat Everyone\2037. Minimum Number of Moves to Seat Everyone.csproj", "{DD5AD526-1040-44D3-8E65-A17D88A213E5}"
EndProject
Global
	GlobalSection(SolutionConfigurationPlatforms) = preSolution
		Debug|Any CPU = Debug|Any CPU
		Release|Any CPU = Release|Any CPU
	EndGlobalSection
	GlobalSection(ProjectConfigurationPlatforms) = postSolution
		{50A2CA7B-2BE9-4476-BEB7-3D6CDC3BD112}.Debug|Any CPU.ActiveCfg = Debug|Any CPU
		{50A2CA7B-2BE9-4476-BEB7-3D6CDC3BD112}.Debug|Any CPU.Build.0 = Debug|Any CPU
		{50A2CA7B-2BE9-4476-BEB7-3D6CDC3BD112}.Release|Any CPU.ActiveCfg = Release|Any CPU
		{50A2CA7B-2BE9-4476-BEB7-3D6CDC3BD112}.Release|Any CPU.Build.0 = Release|Any CPU
		{CE40DBB8-41EE-4205-BE71-D7B22A67B7CE}.Debug|Any CPU.ActiveCfg = Debug|Any CPU
		{CE40DBB8-41EE-4205-BE71-D7B22A67B7CE}.Debug|Any CPU.Build.0 = Debug|Any CPU
		{CE40DBB8-41EE-4205-BE71-D7B22A67B7CE}.Release|Any CPU.ActiveCfg = Release|Any CPU
		{CE40DBB8-41EE-4205-BE71-D7B22A67B7CE}.Release|Any CPU.Build.0 = Release|Any CPU
		{DD5AD526-1040-44D3-8E65-A17D88A213E5}.Debug|Any CPU.ActiveCfg = Debug|Any CPU
		{DD5AD526-1040-44D3-8E65-A17D88A213E5}.Debug|Any CPU.Build.0 = Debug|Any CPU
		{DD5AD526-1040-44D3-8E65-A17D88A213E5}.Release|Any CPU.ActiveCfg = Release|Any CPU
		{DD5AD526-1040-44D3-8E65-A17D88A213E5}.Release|Any CPU.Build.0 = Release|Any CPU
	EndGlobalSection
	GlobalSection(SolutionProperties) = preSolution
		HideSolutionNode = FALSE
	EndGlobalSection
	GlobalSection(ExtensibilityGlobals) = postSolution
		SolutionGuid = {9E8FC80F-3EC6-4EDA-A068-C52D352EEA21}
	EndGlobalSection
EndGlobal
