
Microsoft Visual Studio Solution File, Format Version 12.00
# Visual Studio Version 17
VisualStudioVersion = 17.10.35004.147
MinimumVisualStudioVersion = 10.0.40219.1
Project("{9A19103F-16F7-4668-BE54-9A1E7A4F7556}") = "Two Sum", "1. Two Sum\Two Sum.csproj", "{28377423-E3CC-4682-AED5-8D48C55D3ACB}"
EndProject
Project("{9A19103F-16F7-4668-BE54-9A1E7A4F7556}") = "Longest Palindrome", "2. Longest Palindrome\Longest Palindrome.csproj", "{AAF86671-4D04-4586-AF59-7109120CCD1A}"
EndProject
Project("{9A19103F-16F7-4668-BE54-9A1E7A4F7556}") = "Minimum Number of Moves to Seat Everyone", "3. Minimum Number of Moves to Seat Everyone\Minimum Number of Moves to Seat Everyone.csproj", "{0CA0F6B4-FD93-4203-BC96-20C54FF04A86}"
EndProject
Project("{FAE04EC0-301F-11D3-BF4B-00C04F79EFBC}") = "Count of Interesting Subarrays", "Count of Interesting Subarrays\Count of Interesting Subarrays.csproj", "{4077C66B-73FB-4C7B-8D22-C9CED587A1E0}"
EndProject
Project("{FAE04EC0-301F-11D3-BF4B-00C04F79EFBC}") = "00.Testing solutions", "00.Testing solutions\00.Testing solutions.csproj", "{9EF80D07-C10B-49A3-ABFD-C58397CB6B77}"
EndProject
Project("{FAE04EC0-301F-11D3-BF4B-00C04F79EFBC}") = "Longest Substring Without Repeating Characters", "Longest Substring Without Repeating Characters\Longest Substring Without Repeating Characters.csproj", "{5ED7E4D1-1A98-4664-A706-EDBD7D256EC9}"
EndProject
Global
	GlobalSection(SolutionConfigurationPlatforms) = preSolution
		Debug|Any CPU = Debug|Any CPU
		Release|Any CPU = Release|Any CPU
	EndGlobalSection
	GlobalSection(ProjectConfigurationPlatforms) = postSolution
		{28377423-E3CC-4682-AED5-8D48C55D3ACB}.Debug|Any CPU.ActiveCfg = Debug|Any CPU
		{28377423-E3CC-4682-AED5-8D48C55D3ACB}.Debug|Any CPU.Build.0 = Debug|Any CPU
		{28377423-E3CC-4682-AED5-8D48C55D3ACB}.Release|Any CPU.ActiveCfg = Release|Any CPU
		{28377423-E3CC-4682-AED5-8D48C55D3ACB}.Release|Any CPU.Build.0 = Release|Any CPU
		{AAF86671-4D04-4586-AF59-7109120CCD1A}.Debug|Any CPU.ActiveCfg = Debug|Any CPU
		{AAF86671-4D04-4586-AF59-7109120CCD1A}.Debug|Any CPU.Build.0 = Debug|Any CPU
		{AAF86671-4D04-4586-AF59-7109120CCD1A}.Release|Any CPU.ActiveCfg = Release|Any CPU
		{AAF86671-4D04-4586-AF59-7109120CCD1A}.Release|Any CPU.Build.0 = Release|Any CPU
		{0CA0F6B4-FD93-4203-BC96-20C54FF04A86}.Debug|Any CPU.ActiveCfg = Debug|Any CPU
		{0CA0F6B4-FD93-4203-BC96-20C54FF04A86}.Debug|Any CPU.Build.0 = Debug|Any CPU
		{0CA0F6B4-FD93-4203-BC96-20C54FF04A86}.Release|Any CPU.ActiveCfg = Release|Any CPU
		{0CA0F6B4-FD93-4203-BC96-20C54FF04A86}.Release|Any CPU.Build.0 = Release|Any CPU
		{4077C66B-73FB-4C7B-8D22-C9CED587A1E0}.Debug|Any CPU.ActiveCfg = Debug|Any CPU
		{4077C66B-73FB-4C7B-8D22-C9CED587A1E0}.Debug|Any CPU.Build.0 = Debug|Any CPU
		{4077C66B-73FB-4C7B-8D22-C9CED587A1E0}.Release|Any CPU.ActiveCfg = Release|Any CPU
		{4077C66B-73FB-4C7B-8D22-C9CED587A1E0}.Release|Any CPU.Build.0 = Release|Any CPU
		{9EF80D07-C10B-49A3-ABFD-C58397CB6B77}.Debug|Any CPU.ActiveCfg = Debug|Any CPU
		{9EF80D07-C10B-49A3-ABFD-C58397CB6B77}.Debug|Any CPU.Build.0 = Debug|Any CPU
		{9EF80D07-C10B-49A3-ABFD-C58397CB6B77}.Release|Any CPU.ActiveCfg = Release|Any CPU
		{9EF80D07-C10B-49A3-ABFD-C58397CB6B77}.Release|Any CPU.Build.0 = Release|Any CPU
		{5ED7E4D1-1A98-4664-A706-EDBD7D256EC9}.Debug|Any CPU.ActiveCfg = Debug|Any CPU
		{5ED7E4D1-1A98-4664-A706-EDBD7D256EC9}.Debug|Any CPU.Build.0 = Debug|Any CPU
		{5ED7E4D1-1A98-4664-A706-EDBD7D256EC9}.Release|Any CPU.ActiveCfg = Release|Any CPU
		{5ED7E4D1-1A98-4664-A706-EDBD7D256EC9}.Release|Any CPU.Build.0 = Release|Any CPU
	EndGlobalSection
	GlobalSection(SolutionProperties) = preSolution
		HideSolutionNode = FALSE
	EndGlobalSection
	GlobalSection(ExtensibilityGlobals) = postSolution
		SolutionGuid = {9E8FC80F-3EC6-4EDA-A068-C52D352EEA21}
	EndGlobalSection
EndGlobal
